
Microsoft Visual Studio Solution File, Format Version 12.00
# Visual Studio Version 16
VisualStudioVersion = 16.0.29503.13
MinimumVisualStudioVersion = 15.0.26124.0
Project("{FAE04EC0-301F-11D3-BF4B-00C04F79EFBC}") = "Sample.EFCore.API", "Sample.EFCore.API\Sample.EFCore.API.csproj", "{568E5DC5-DC3A-4E00-86D1-AE868D104F67}"
EndProject
Global
	GlobalSection(SolutionConfigurationPlatforms) = preSolution
		Debug|Any CPU = Debug|Any CPU
		Debug|x64 = Debug|x64
		Debug|x86 = Debug|x86
		Release|Any CPU = Release|Any CPU
		Release|x64 = Release|x64
		Release|x86 = Release|x86
	EndGlobalSection
	GlobalSection(ProjectConfigurationPlatforms) = postSolution
		{568E5DC5-DC3A-4E00-86D1-AE868D104F67}.Debug|Any CPU.ActiveCfg = Debug|Any CPU
		{568E5DC5-DC3A-4E00-86D1-AE868D104F67}.Debug|Any CPU.Build.0 = Debug|Any CPU
		{568E5DC5-DC3A-4E00-86D1-AE868D104F67}.Debug|x64.ActiveCfg = Debug|Any CPU
		{568E5DC5-DC3A-4E00-86D1-AE868D104F67}.Debug|x64.Build.0 = Debug|Any CPU
		{568E5DC5-DC3A-4E00-86D1-AE868D104F67}.Debug|x86.ActiveCfg = Debug|Any CPU
		{568E5DC5-DC3A-4E00-86D1-AE868D104F67}.Debug|x86.Build.0 = Debug|Any CPU
		{568E5DC5-DC3A-4E00-86D1-AE868D104F67}.Release|Any CPU.ActiveCfg = Release|Any CPU
		{568E5DC5-DC3A-4E00-86D1-AE868D104F67}.Release|Any CPU.Build.0 = Release|Any CPU
		{568E5DC5-DC3A-4E00-86D1-AE868D104F67}.Release|x64.ActiveCfg = Release|Any CPU
		{568E5DC5-DC3A-4E00-86D1-AE868D104F67}.Release|x64.Build.0 = Release|Any CPU
		{568E5DC5-DC3A-4E00-86D1-AE868D104F67}.Release|x86.ActiveCfg = Release|Any CPU
		{568E5DC5-DC3A-4E00-86D1-AE868D104F67}.Release|x86.Build.0 = Release|Any CPU
	EndGlobalSection
	GlobalSection(SolutionProperties) = preSolution
		HideSolutionNode = FALSE
	EndGlobalSection
	GlobalSection(ExtensibilityGlobals) = postSolution
		SolutionGuid = {BC0DA66B-51CA-4CF4-8278-F8DF28502F2E}
	EndGlobalSection
EndGlobal
